
Microsoft Visual Studio Solution File, Format Version 12.00
# Visual Studio Version 17
VisualStudioVersion = 17.11.35222.181
MinimumVisualStudioVersion = 10.0.40219.1
Project("{FAE04EC0-301F-11D3-BF4B-00C04F79EFBC}") = "YNVR.StringManipulator", "YNVR.StringManipulator\YNVR.StringManipulator.csproj", "{91F6A7CA-0783-4645-B785-3C24B91960DC}"
EndProject
Project("{FAE04EC0-301F-11D3-BF4B-00C04F79EFBC}") = "YNVR.StringManipulator.UnitTest.xUnit", "YNVR.StringManipulator.UnitTest.xUnit\YNVR.StringManipulator.UnitTest.xUnit.csproj", "{9C1593B2-FDD8-4CBE-9B83-F4D1DA3110A8}"
EndProject
Global
	GlobalSection(SolutionConfigurationPlatforms) = preSolution
		Debug|Any CPU = Debug|Any CPU
		Release|Any CPU = Release|Any CPU
	EndGlobalSection
	GlobalSection(ProjectConfigurationPlatforms) = postSolution
		{91F6A7CA-0783-4645-B785-3C24B91960DC}.Debug|Any CPU.ActiveCfg = Debug|Any CPU
		{91F6A7CA-0783-4645-B785-3C24B91960DC}.Debug|Any CPU.Build.0 = Debug|Any CPU
		{91F6A7CA-0783-4645-B785-3C24B91960DC}.Release|Any CPU.ActiveCfg = Release|Any CPU
		{91F6A7CA-0783-4645-B785-3C24B91960DC}.Release|Any CPU.Build.0 = Release|Any CPU
		{9C1593B2-FDD8-4CBE-9B83-F4D1DA3110A8}.Debug|Any CPU.ActiveCfg = Debug|Any CPU
		{9C1593B2-FDD8-4CBE-9B83-F4D1DA3110A8}.Debug|Any CPU.Build.0 = Debug|Any CPU
		{9C1593B2-FDD8-4CBE-9B83-F4D1DA3110A8}.Release|Any CPU.ActiveCfg = Release|Any CPU
		{9C1593B2-FDD8-4CBE-9B83-F4D1DA3110A8}.Release|Any CPU.Build.0 = Release|Any CPU
	EndGlobalSection
	GlobalSection(SolutionProperties) = preSolution
		HideSolutionNode = FALSE
	EndGlobalSection
	GlobalSection(ExtensibilityGlobals) = postSolution
		SolutionGuid = {EDA5672D-5440-420F-AA6F-D259F419EE34}
	EndGlobalSection
EndGlobal
